
Microsoft Visual Studio Solution File, Format Version 12.00
# Visual Studio 14
VisualStudioVersion = 14.0.25420.1
MinimumVisualStudioVersion = 10.0.40219.1
Project("{FAE04EC0-301F-11D3-BF4B-00C04F79EFBC}") = "KentKonsey", "KentKonsey\KentKonsey.csproj", "{2EF401D9-BD53-4C44-AA16-26034E7196BC}"
EndProject
Project("{FAE04EC0-301F-11D3-BF4B-00C04F79EFBC}") = "KentKonsey.Dal", "KentKonsey.Dal\KentKonsey.Dal.csproj", "{B4711C63-71A9-41E3-9668-684A9481A76C}"
EndProject
Global
	GlobalSection(SolutionConfigurationPlatforms) = preSolution
		Debug|Any CPU = Debug|Any CPU
		Release|Any CPU = Release|Any CPU
	EndGlobalSection
	GlobalSection(ProjectConfigurationPlatforms) = postSolution
		{2EF401D9-BD53-4C44-AA16-26034E7196BC}.Debug|Any CPU.ActiveCfg = Debug|Any CPU
		{2EF401D9-BD53-4C44-AA16-26034E7196BC}.Debug|Any CPU.Build.0 = Debug|Any CPU
		{2EF401D9-BD53-4C44-AA16-26034E7196BC}.Release|Any CPU.ActiveCfg = Release|Any CPU
		{2EF401D9-BD53-4C44-AA16-26034E7196BC}.Release|Any CPU.Build.0 = Release|Any CPU
		{B4711C63-71A9-41E3-9668-684A9481A76C}.Debug|Any CPU.ActiveCfg = Debug|Any CPU
		{B4711C63-71A9-41E3-9668-684A9481A76C}.Debug|Any CPU.Build.0 = Debug|Any CPU
		{B4711C63-71A9-41E3-9668-684A9481A76C}.Release|Any CPU.ActiveCfg = Release|Any CPU
		{B4711C63-71A9-41E3-9668-684A9481A76C}.Release|Any CPU.Build.0 = Release|Any CPU
	EndGlobalSection
	GlobalSection(SolutionProperties) = preSolution
		HideSolutionNode = FALSE
	EndGlobalSection
EndGlobal
